
Microsoft Visual Studio Solution File, Format Version 12.00
# Visual Studio Version 17
VisualStudioVersion = 17.14.36518.9 d17.14
MinimumVisualStudioVersion = 10.0.40219.1
Project("{FAE04EC0-301F-11D3-BF4B-00C04F79EFBC}") = "MaterialReqAppV3", "MaterialReqAppV3\MaterialReqAppV3.csproj", "{79DB74C1-4098-460E-9ADF-C51B4CD4805A}"
EndProject
Global
	GlobalSection(SolutionConfigurationPlatforms) = preSolution
		Debug|Any CPU = Debug|Any CPU
		Release|Any CPU = Release|Any CPU
	EndGlobalSection
	GlobalSection(ProjectConfigurationPlatforms) = postSolution
		{79DB74C1-4098-460E-9ADF-C51B4CD4805A}.Debug|Any CPU.ActiveCfg = Debug|Any CPU
		{79DB74C1-4098-460E-9ADF-C51B4CD4805A}.Debug|Any CPU.Build.0 = Debug|Any CPU
		{79DB74C1-4098-460E-9ADF-C51B4CD4805A}.Release|Any CPU.ActiveCfg = Release|Any CPU
		{79DB74C1-4098-460E-9ADF-C51B4CD4805A}.Release|Any CPU.Build.0 = Release|Any CPU
	EndGlobalSection
	GlobalSection(SolutionProperties) = preSolution
		HideSolutionNode = FALSE
	EndGlobalSection
	GlobalSection(ExtensibilityGlobals) = postSolution
		SolutionGuid = {A91D06FC-84E9-4CB3-9EFF-428ABE97DCF2}
	EndGlobalSection
EndGlobal
